// !$*UTF8*$!
{
	archiveVersion = 1;
	classes = {
	};
	objectVersion = 56;
	objects = {

/* Begin PBXBuildFile section */
		A1000001 /* LibreBarApp.swift in Sources */ = {isa = PBXBuildFile; fileRef = A2000001; };
		A1000002 /* GlucoseManager.swift in Sources */ = {isa = PBXBuildFile; fileRef = A2000002; };
		A1000003 /* KeychainHelper.swift in Sources */ = {isa = PBXBuildFile; fileRef = A2000003; };
		A1000004 /* SettingsView.swift in Sources */ = {isa = PBXBuildFile; fileRef = A2000004; };
		A1000005 /* Assets.xcassets in Resources */ = {isa = PBXBuildFile; fileRef = A2000005; };
		A1000006 /* GraphView.swift in Sources */ = {isa = PBXBuildFile; fileRef = A2000008; };
		A1000007 /* StatsView.swift in Sources */ = {isa = PBXBuildFile; fileRef = A2000009; };
		A1000008 /* HotkeyManager.swift in Sources */ = {isa = PBXBuildFile; fileRef = A200000A; };
		A1000009 /* HotkeyRecorderView.swift in Sources */ = {isa = PBXBuildFile; fileRef = A200000B; };
		A100000A /* UpdateChecker.swift in Sources */ = {isa = PBXBuildFile; fileRef = A200000C; };
		A100000B /* Theme.swift in Sources */ = {isa = PBXBuildFile; fileRef = A200000D; };
		A100000C /* PopoverView.swift in Sources */ = {isa = PBXBuildFile; fileRef = A200000E; };
		A100000D /* MenuBarLabelView.swift in Sources */ = {isa = PBXBuildFile; fileRef = A200000F; };
		A100000E /* AlertManager.swift in Sources */ = {isa = PBXBuildFile; fileRef = A2000010; };
		A100000F /* AlertSettings.swift in Sources */ = {isa = PBXBuildFile; fileRef = A2000011; };
		A1000010 /* GlucoseExporter.swift in Sources */ = {isa = PBXBuildFile; fileRef = A2000012; };
		A1000011 /* GlucoseStats.swift in Sources */ = {isa = PBXBuildFile; fileRef = A2000013; };
		A1000012 /* TargetRangeControls.swift in Sources */ = {isa = PBXBuildFile; fileRef = A2000014; };
		A1000013 /* OnboardingView.swift in Sources */ = {isa = PBXBuildFile; fileRef = A2000015; };
/* End PBXBuildFile section */

/* Begin PBXFileReference section */
		A2000001 /* LibreBarApp.swift */ = {isa = PBXFileReference; lastKnownFileType = sourcecode.swift; path = LibreBarApp.swift; sourceTree = "<group>"; };
		A2000002 /* GlucoseManager.swift */ = {isa = PBXFileReference; lastKnownFileType = sourcecode.swift; path = GlucoseManager.swift; sourceTree = "<group>"; };
		A2000003 /* KeychainHelper.swift */ = {isa = PBXFileReference; lastKnownFileType = sourcecode.swift; path = KeychainHelper.swift; sourceTree = "<group>"; };
		A2000004 /* SettingsView.swift */ = {isa = PBXFileReference; lastKnownFileType = sourcecode.swift; path = SettingsView.swift; sourceTree = "<group>"; };
		A2000005 /* Assets.xcassets */ = {isa = PBXFileReference; lastKnownFileType = folder.assetcatalog; path = Assets.xcassets; sourceTree = "<group>"; };
		A2000006 /* Info.plist */ = {isa = PBXFileReference; lastKnownFileType = text.plist.xml; path = Info.plist; sourceTree = "<group>"; };
		A2000007 /* LibreBar.entitlements */ = {isa = PBXFileReference; lastKnownFileType = text.plist.entitlements; path = LibreBar.entitlements; sourceTree = "<group>"; };
		A2000008 /* GraphView.swift */ = {isa = PBXFileReference; lastKnownFileType = sourcecode.swift; path = GraphView.swift; sourceTree = "<group>"; };
		A2000009 /* StatsView.swift */ = {isa = PBXFileReference; lastKnownFileType = sourcecode.swift; path = StatsView.swift; sourceTree = "<group>"; };
		A200000A /* HotkeyManager.swift */ = {isa = PBXFileReference; lastKnownFileType = sourcecode.swift; path = HotkeyManager.swift; sourceTree = "<group>"; };
		A200000B /* HotkeyRecorderView.swift */ = {isa = PBXFileReference; lastKnownFileType = sourcecode.swift; path = HotkeyRecorderView.swift; sourceTree = "<group>"; };
		A200000C /* UpdateChecker.swift */ = {isa = PBXFileReference; lastKnownFileType = sourcecode.swift; path = UpdateChecker.swift; sourceTree = "<group>"; };
		A200000D /* Theme.swift */ = {isa = PBXFileReference; lastKnownFileType = sourcecode.swift; path = Theme.swift; sourceTree = "<group>"; };
		A200000E /* PopoverView.swift */ = {isa = PBXFileReference; lastKnownFileType = sourcecode.swift; path = PopoverView.swift; sourceTree = "<group>"; };
		A200000F /* MenuBarLabelView.swift */ = {isa = PBXFileReference; lastKnownFileType = sourcecode.swift; path = MenuBarLabelView.swift; sourceTree = "<group>"; };
		A2000010 /* AlertManager.swift */ = {isa = PBXFileReference; lastKnownFileType = sourcecode.swift; path = AlertManager.swift; sourceTree = "<group>"; };
		A2000011 /* AlertSettings.swift */ = {isa = PBXFileReference; lastKnownFileType = sourcecode.swift; path = AlertSettings.swift; sourceTree = "<group>"; };
		A2000012 /* GlucoseExporter.swift */ = {isa = PBXFileReference; lastKnownFileType = sourcecode.swift; path = GlucoseExporter.swift; sourceTree = "<group>"; };
		A2000013 /* GlucoseStats.swift */ = {isa = PBXFileReference; lastKnownFileType = sourcecode.swift; path = GlucoseStats.swift; sourceTree = "<group>"; };
		A2000014 /* TargetRangeControls.swift */ = {isa = PBXFileReference; lastKnownFileType = sourcecode.swift; path = TargetRangeControls.swift; sourceTree = "<group>"; };
		A2000015 /* OnboardingView.swift */ = {isa = PBXFileReference; lastKnownFileType = sourcecode.swift; path = OnboardingView.swift; sourceTree = "<group>"; };
		A3000001 /* LibreBar.app */ = {isa = PBXFileReference; explicitFileType = wrapper.application; includeInIndex = 0; path = LibreBar.app; sourceTree = BUILT_PRODUCTS_DIR; };
/* End PBXFileReference section */

/* Begin PBXFrameworksBuildPhase section */
		A4000001 /* Frameworks */ = {
			isa = PBXFrameworksBuildPhase;
			buildActionMask = 2147483647;
			files = (
			);
			runOnlyForDeploymentPostprocessing = 0;
		};
/* End PBXFrameworksBuildPhase section */

/* Begin PBXGroup section */
		A5000001 = {
			isa = PBXGroup;
			children = (
				A5000002 /* LibreBar */,
				A5000003 /* Products */,
			);
			sourceTree = "<group>";
		};
		A5000002 /* LibreBar */ = {
			isa = PBXGroup;
			children = (
				A2000001 /* LibreBarApp.swift */,
				A2000002 /* GlucoseManager.swift */,
				A2000003 /* KeychainHelper.swift */,
				A2000004 /* SettingsView.swift */,
				A2000008 /* GraphView.swift */,
				A2000009 /* StatsView.swift */,
				A200000A /* HotkeyManager.swift */,
				A200000B /* HotkeyRecorderView.swift */,
				A200000C /* UpdateChecker.swift */,
				A200000D /* Theme.swift */,
				A200000E /* PopoverView.swift */,
				A200000F /* MenuBarLabelView.swift */,
				A2000010 /* AlertManager.swift */,
				A2000011 /* AlertSettings.swift */,
				A2000012 /* GlucoseExporter.swift */,
				A2000013 /* GlucoseStats.swift */,
				A2000014 /* TargetRangeControls.swift */,
				A2000015 /* OnboardingView.swift */,
				A2000005 /* Assets.xcassets */,
				A2000006 /* Info.plist */,
				A2000007 /* LibreBar.entitlements */,
			);
			path = LibreBar;
			sourceTree = "<group>";
		};
		A5000003 /* Products */ = {
			isa = PBXGroup;
			children = (
				A3000001 /* LibreBar.app */,
			);
			name = Products;
			sourceTree = "<group>";
		};
/* End PBXGroup section */

/* Begin PBXNativeTarget section */
		A6000001 /* LibreBar */ = {
			isa = PBXNativeTarget;
			buildConfigurationList = A8000003 /* Build configuration list for PBXNativeTarget "LibreBar" */;
			buildPhases = (
				A7000001 /* Sources */,
				A4000001 /* Frameworks */,
				A7000002 /* Resources */,
			);
			buildRules = (
			);
			dependencies = (
			);
			name = LibreBar;
			productName = LibreBar;
			productReference = A3000001 /* LibreBar.app */;
			productType = "com.apple.product-type.application";
		};
/* End PBXNativeTarget section */

/* Begin PBXProject section */
		A9000001 /* Project object */ = {
			isa = PBXProject;
			attributes = {
				BuildIndependentTargetsInParallel = 1;
				LastSwiftUpdateCheck = 1500;
				LastUpgradeCheck = 1500;
			};
			buildConfigurationList = A8000001 /* Build configuration list for PBXProject "LibreBar" */;
			compatibilityVersion = "Xcode 14.0";
			developmentRegion = en;
			hasScannedForEncodings = 0;
			knownRegions = (
				en,
				Base,
			);
			mainGroup = A5000001;
			productRefGroup = A5000003 /* Products */;
			projectDirPath = "";
			projectRoot = "";
			targets = (
				A6000001 /* LibreBar */,
			);
		};
/* End PBXProject section */

/* Begin PBXResourcesBuildPhase section */
		A7000002 /* Resources */ = {
			isa = PBXResourcesBuildPhase;
			buildActionMask = 2147483647;
			files = (
				A1000005 /* Assets.xcassets in Resources */,
			);
			runOnlyForDeploymentPostprocessing = 0;
		};
/* End PBXResourcesBuildPhase section */

/* Begin PBXSourcesBuildPhase section */
		A7000001 /* Sources */ = {
			isa = PBXSourcesBuildPhase;
			buildActionMask = 2147483647;
			files = (
				A1000001 /* LibreBarApp.swift in Sources */,
				A1000002 /* GlucoseManager.swift in Sources */,
				A1000003 /* KeychainHelper.swift in Sources */,
				A1000004 /* SettingsView.swift in Sources */,
				A1000006 /* GraphView.swift in Sources */,
				A1000007 /* StatsView.swift in Sources */,
				A1000008 /* HotkeyManager.swift in Sources */,
				A1000009 /* HotkeyRecorderView.swift in Sources */,
				A100000A /* UpdateChecker.swift in Sources */,
				A100000B /* Theme.swift in Sources */,
				A100000C /* PopoverView.swift in Sources */,
				A100000D /* MenuBarLabelView.swift in Sources */,
				A100000E /* AlertManager.swift in Sources */,
				A100000F /* AlertSettings.swift in Sources */,
				A1000010 /* GlucoseExporter.swift in Sources */,
				A1000011 /* GlucoseStats.swift in Sources */,
				A1000012 /* TargetRangeControls.swift in Sources */,
				A1000013 /* OnboardingView.swift in Sources */,
			);
			runOnlyForDeploymentPostprocessing = 0;
		};
/* End PBXSourcesBuildPhase section */

/* Begin XCBuildConfiguration section */
		A8000011 /* Debug */ = {
			isa = XCBuildConfiguration;
			buildSettings = {
				ALWAYS_SEARCH_USER_PATHS = NO;
				CLANG_ANALYZER_NONNULL = YES;
				CLANG_CXX_LANGUAGE_STANDARD = "gnu++20";
				CLANG_ENABLE_MODULES = YES;
				CLANG_ENABLE_OBJC_ARC = YES;
				COPY_PHASE_STRIP = NO;
				DEBUG_INFORMATION_FORMAT = dwarf;
				ENABLE_STRICT_OBJC_MSGSEND = YES;
				ENABLE_TESTABILITY = YES;
				GCC_DYNAMIC_NO_PIC = NO;
				GCC_OPTIMIZATION_LEVEL = 0;
				GCC_PREPROCESSOR_DEFINITIONS = (
					"DEBUG=1",
					"$(inherited)",
				);
				GCC_WARN_64_TO_32_BIT_CONVERSION = YES;
				GCC_WARN_ABOUT_RETURN_TYPE = YES_ERROR;
				GCC_WARN_UNINITIALIZED_AUTOS = YES_AGGRESSIVE;
				GCC_WARN_UNUSED_FUNCTION = YES;
				GCC_WARN_UNUSED_VARIABLE = YES;
				MACOSX_DEPLOYMENT_TARGET = 14.0;
				MTL_ENABLE_DEBUG_INFO = INCLUDE_SOURCE;
				MTL_FAST_MATH = YES;
				ONLY_ACTIVE_ARCH = YES;
				SDKROOT = macosx;
				SWIFT_ACTIVE_COMPILATION_CONDITIONS = DEBUG;
				SWIFT_OPTIMIZATION_LEVEL = "-Onone";
			};
			name = Debug;
		};
		A8000012 /* Release */ = {
			isa = XCBuildConfiguration;
			buildSettings = {
				ALWAYS_SEARCH_USER_PATHS = NO;
				CLANG_ANALYZER_NONNULL = YES;
				CLANG_CXX_LANGUAGE_STANDARD = "gnu++20";
				CLANG_ENABLE_MODULES = YES;
				CLANG_ENABLE_OBJC_ARC = YES;
				COPY_PHASE_STRIP = NO;
				DEBUG_INFORMATION_FORMAT = "dwarf-with-dsym";
				ENABLE_NS_ASSERTIONS = NO;
				ENABLE_STRICT_OBJC_MSGSEND = YES;
				GCC_WARN_64_TO_32_BIT_CONVERSION = YES;
				GCC_WARN_ABOUT_RETURN_TYPE = YES_ERROR;
				GCC_WARN_UNINITIALIZED_AUTOS = YES_AGGRESSIVE;
				GCC_WARN_UNUSED_FUNCTION = YES;
				GCC_WARN_UNUSED_VARIABLE = YES;
				MACOSX_DEPLOYMENT_TARGET = 14.0;
				MTL_FAST_MATH = YES;
				SDKROOT = macosx;
				SWIFT_COMPILATION_MODE = wholemodule;
				SWIFT_OPTIMIZATION_LEVEL = "-O";
			};
			name = Release;
		};
		A8000021 /* Debug */ = {
			isa = XCBuildConfiguration;
			buildSettings = {
				ASSETCATALOG_COMPILER_APPICON_NAME = AppIcon;
				CODE_SIGN_IDENTITY = "-";
				CODE_SIGN_STYLE = Manual;
				COMBINE_HIDPI_IMAGES = YES;
				CURRENT_PROJECT_VERSION = 1;
				GENERATE_INFOPLIST_FILE = YES;
				INFOPLIST_FILE = LibreBar/Info.plist;
				INFOPLIST_KEY_LSApplicationCategoryType = "public.app-category.healthcare-fitness";
				INFOPLIST_KEY_LSUIElement = YES;
				INFOPLIST_KEY_NSHumanReadableCopyright = "";
				LD_RUNPATH_SEARCH_PATHS = (
					"$(inherited)",
					"@executable_path/../Frameworks",
				);
				MARKETING_VERSION = 3.0;
				PRODUCT_BUNDLE_IDENTIFIER = com.librebar.app;
				PRODUCT_NAME = "$(TARGET_NAME)";
				SWIFT_EMIT_LOC_STRINGS = YES;
				SWIFT_VERSION = 5.0;
			};
			name = Debug;
		};
		A8000022 /* Release */ = {
			isa = XCBuildConfiguration;
			buildSettings = {
				ASSETCATALOG_COMPILER_APPICON_NAME = AppIcon;
				CODE_SIGN_IDENTITY = "Developer ID Application";
				"CODE_SIGN_IDENTITY[sdk=macosx*]" = "Developer ID Application";
				CODE_SIGN_STYLE = Manual;
				COMBINE_HIDPI_IMAGES = YES;
				CURRENT_PROJECT_VERSION = 1;
				DEVELOPMENT_TEAM = QM43JU3UBW;
				ENABLE_HARDENED_RUNTIME = YES;
				GENERATE_INFOPLIST_FILE = YES;
				INFOPLIST_FILE = LibreBar/Info.plist;
				INFOPLIST_KEY_LSApplicationCategoryType = "public.app-category.healthcare-fitness";
				INFOPLIST_KEY_LSUIElement = YES;
				INFOPLIST_KEY_NSHumanReadableCopyright = "";
				LD_RUNPATH_SEARCH_PATHS = (
					"$(inherited)",
					"@executable_path/../Frameworks",
				);
				MARKETING_VERSION = 3.0;
				PRODUCT_BUNDLE_IDENTIFIER = com.librebar.app;
				PRODUCT_NAME = "$(TARGET_NAME)";
				SWIFT_EMIT_LOC_STRINGS = YES;
				SWIFT_VERSION = 5.0;
			};
			name = Release;
		};
/* End XCBuildConfiguration section */

/* Begin XCConfigurationList section */
		A8000001 /* Build configuration list for PBXProject "LibreBar" */ = {
			isa = XCConfigurationList;
			buildConfigurations = (
				A8000011 /* Debug */,
				A8000012 /* Release */,
			);
			defaultConfigurationIsVisible = 0;
			defaultConfigurationName = Release;
		};
		A8000003 /* Build configuration list for PBXNativeTarget "LibreBar" */ = {
			isa = XCConfigurationList;
			buildConfigurations = (
				A8000021 /* Debug */,
				A8000022 /* Release */,
			);
			defaultConfigurationIsVisible = 0;
			defaultConfigurationName = Release;
		};
/* End XCConfigurationList section */

	};
	rootObject = A9000001 /* Project object */;
}
